{
  "version": 4,
  "terraform_version": "1.13.5",
  "serial": 3,
  "lineage": "7b64efc3-9541-3560-82eb-09fcabe97e5e",
  "outputs": {
    "api_domain": {
      "value": "api.warehouse-optimizer.net",
      "type": "string"
    },
    "app_domain": {
      "value": "app.warehouse-optimizer.net",
      "type": "string"
    },
    "apprunner_custom_domain_status": {
      "value": "active",
      "type": "string"
    },
    "certificate_validation_records": {
      "value": [
        {
          "name": "_cd6a68b4de07faea9dffa501e204f7aa.2a57j78crjvxhbizdg68we3szdr9uw1.api.warehouse-optimizer.net.",
          "type": "CNAME",
          "value": "_1b1bd9b42666ca6d760ef200cc49b392.jkddzztszm.acm-validations.aws."
        },
        {
          "name": "_edbf9d647afc3e931fa8fac8391ce669.api.warehouse-optimizer.net.",
          "type": "CNAME",
          "value": "_0c4deff69bd9fffd89742232b6bfc458.jkddzztszm.acm-validations.aws."
        },
        {
          "name": "_f5b515e356283525f70af3c0172110db.www.api.warehouse-optimizer.net.",
          "type": "CNAME",
          "value": "_0540eafc57130c55298c6b4d5a6e71ba.jkddzztszm.acm-validations.aws."
        }
      ],
      "type": [
        "tuple",
        [
          [
            "object",
            {
              "name": "string",
              "type": "string",
              "value": "string"
            }
          ],
          [
            "object",
            {
              "name": "string",
              "type": "string",
              "value": "string"
            }
          ],
          [
            "object",
            {
              "name": "string",
              "type": "string",
              "value": "string"
            }
          ]
        ]
      ]
    },
    "hosted_zone_id": {
      "value": "Z091798314YXSBTOLVJ18",
      "type": "string"
    },
    "hosted_zone_name_servers": {
      "value": [
        "ns-1502.awsdns-59.org",
        "ns-880.awsdns-46.net",
        "ns-1804.awsdns-33.co.uk",
        "ns-483.awsdns-60.com"
      ],
      "type": [
        "list",
        "string"
      ]
    }
  },
  "resources": [
    {
      "mode": "data",
      "type": "aws_route53_zone",
      "name": "main",
      "provider": "provider[\"registry.terraform.io/hashicorp/aws\"]",
      "instances": [
        {
          "schema_version": 0,
          "attributes": {
            "arn": "arn:aws:route53:::hostedzone/Z091798314YXSBTOLVJ18",
            "caller_reference": "RISWorkflow-RD:ea4af6d3-f74e-4102-9b48-8bf0f9bcaed6",
            "comment": "HostedZone created by Route53 Registrar",
            "id": "Z091798314YXSBTOLVJ18",
            "linked_service_description": null,
            "linked_service_principal": null,
            "name": "warehouse-optimizer.net",
            "name_servers": [
              "ns-1502.awsdns-59.org",
              "ns-880.awsdns-46.net",
              "ns-1804.awsdns-33.co.uk",
              "ns-483.awsdns-60.com"
            ],
            "primary_name_server": "ns-1502.awsdns-59.org",
            "private_zone": false,
            "resource_record_set_count": 6,
            "tags": {},
            "vpc_id": null,
            "zone_id": "Z091798314YXSBTOLVJ18"
          },
          "sensitive_attributes": [],
          "identity_schema_version": 0
        }
      ]
    },
    {
      "mode": "managed",
      "type": "aws_apprunner_custom_domain_association",
      "name": "api",
      "provider": "provider[\"registry.terraform.io/hashicorp/aws\"]",
      "instances": [
        {
          "schema_version": 0,
          "attributes": {
            "certificate_validation_records": [
              {
                "name": "_cd6a68b4de07faea9dffa501e204f7aa.2a57j78crjvxhbizdg68we3szdr9uw1.api.warehouse-optimizer.net.",
                "status": "SUCCESS",
                "type": "CNAME",
                "value": "_1b1bd9b42666ca6d760ef200cc49b392.jkddzztszm.acm-validations.aws."
              },
              {
                "name": "_edbf9d647afc3e931fa8fac8391ce669.api.warehouse-optimizer.net.",
                "status": "SUCCESS",
                "type": "CNAME",
                "value": "_0c4deff69bd9fffd89742232b6bfc458.jkddzztszm.acm-validations.aws."
              },
              {
                "name": "_f5b515e356283525f70af3c0172110db.www.api.warehouse-optimizer.net.",
                "status": "SUCCESS",
                "type": "CNAME",
                "value": "_0540eafc57130c55298c6b4d5a6e71ba.jkddzztszm.acm-validations.aws."
              }
            ],
            "dns_target": "cdcdwjbjms.ap-northeast-1.awsapprunner.com",
            "domain_name": "api.warehouse-optimizer.net",
            "enable_www_subdomain": true,
            "id": "api.warehouse-optimizer.net,arn:aws:apprunner:ap-northeast-1:904368995258:service/warehouse-optimizer-backend/c75ca38ef67148e0bced484f9a2569be",
            "service_arn": "arn:aws:apprunner:ap-northeast-1:904368995258:service/warehouse-optimizer-backend/c75ca38ef67148e0bced484f9a2569be",
            "status": "active"
          },
          "sensitive_attributes": [],
          "identity_schema_version": 0,
          "private": "bnVsbA==",
          "create_before_destroy": true
        }
      ]
    }
  ],
  "check_results": null
}
